
Microsoft Visual Studio Solution File, Format Version 12.00
# Visual Studio Version 16
VisualStudioVersion = 16.0.31729.503
MinimumVisualStudioVersion = 10.0.40219.1
Project("{FAE04EC0-301F-11D3-BF4B-00C04F79EFBC}") = "CMPE2800 _ WebGrabber", "CMPE2800 _ WebGrabber\CMPE2800 _ WebGrabber.csproj", "{A2557CA0-4A3F-46AB-96BF-3F9E7BD3D68A}"
EndProject
Global
	GlobalSection(SolutionConfigurationPlatforms) = preSolution
		Debug|Any CPU = Debug|Any CPU
		Release|Any CPU = Release|Any CPU
	EndGlobalSection
	GlobalSection(ProjectConfigurationPlatforms) = postSolution
		{A2557CA0-4A3F-46AB-96BF-3F9E7BD3D68A}.Debug|Any CPU.ActiveCfg = Debug|Any CPU
		{A2557CA0-4A3F-46AB-96BF-3F9E7BD3D68A}.Debug|Any CPU.Build.0 = Debug|Any CPU
		{A2557CA0-4A3F-46AB-96BF-3F9E7BD3D68A}.Release|Any CPU.ActiveCfg = Release|Any CPU
		{A2557CA0-4A3F-46AB-96BF-3F9E7BD3D68A}.Release|Any CPU.Build.0 = Release|Any CPU
	EndGlobalSection
	GlobalSection(SolutionProperties) = preSolution
		HideSolutionNode = FALSE
	EndGlobalSection
	GlobalSection(ExtensibilityGlobals) = postSolution
		SolutionGuid = {238C4E01-0A6F-4C4E-98F2-7482DF7E94C1}
	EndGlobalSection
	GlobalSection(SubversionScc) = preSolution
		Svn-Managed = True
		Manager = AnkhSVN2019 - Subversion Support for Visual Studio
	EndGlobalSection
EndGlobal
